{
  "name": "geojson-to-graph",
  "version": "0.0.1",
  "lockfileVersion": 1,
  "requires": true,
  "dependencies": {
    "graphulous": {
      "version": "0.0.1",
      "resolved": "https://registry.npmjs.org/graphulous/-/graphulous-0.0.1.tgz",
      "integrity": "sha512-PvTXJDKA3QdsxbaCs88wm1SZibwV+V0XJ9wzhNAFoEg54A60CfzyTNMJqOFrGqWjWvWAE29c2sIPmUcrQ6tN/w=="
    }
  }
}
