{
  "name": "geojson-to-graph",
  "version": "0.0.1",
  "lockfileVersion": 1,
  "requires": true,
  "dependencies": {
    "@turf/distance": {
      "version": "6.0.1",
      "resolved": "https://registry.npmjs.org/@turf/distance/-/distance-6.0.1.tgz",
      "integrity": "sha512-q7t7rWIWfkg7MP1Vt4uLjSEhe5rPfCO2JjpKmk7JC+QZKEQkuvHEqy3ejW1iC7Kw5ZcZNR3qdMGGz+6HnVwqvg==",
      "requires": {
        "@turf/helpers": "6.1.4",
        "@turf/invariant": "6.1.2"
      }
    },
    "@turf/helpers": {
      "version": "6.1.4",
      "resolved": "https://registry.npmjs.org/@turf/helpers/-/helpers-6.1.4.tgz",
      "integrity": "sha512-vJvrdOZy1ngC7r3MDA7zIGSoIgyrkWcGnNIEaqn/APmw+bVLF2gAW7HIsdTxd12s5wQMqEpqIQrmrbRRZ0xC7g=="
    },
    "@turf/invariant": {
      "version": "6.1.2",
      "resolved": "https://registry.npmjs.org/@turf/invariant/-/invariant-6.1.2.tgz",
      "integrity": "sha512-WU08Ph8j0J2jVGlQCKChXoCtI50BB3yEH21V++V0T4cR1T27HKCxkehV2sYMwTierfMBgjwSwDIsxnR4/2mWXg==",
      "requires": {
        "@turf/helpers": "6.1.4"
      }
    },
    "graphulous": {
      "version": "0.0.2",
      "resolved": "https://registry.npmjs.org/graphulous/-/graphulous-0.0.2.tgz",
      "integrity": "sha512-Y/xXHYTF0QN/bHsMEnvatKySnpWGIjBhSzSEUNTILV/bibRw9QG3frMcPSP/eunmDwiQsN7u3gODSQIkE0yjoA=="
    },
    "minimist": {
      "version": "1.2.5",
      "resolved": "https://registry.npmjs.org/minimist/-/minimist-1.2.5.tgz",
      "integrity": "sha512-FM9nNUYrRBAELZQT3xeZQ7fmMOBg6nWNmJKTcgsJeaLstP/UODVpGsr5OhXhhXg6f+qtJ8uiZ+PUxkDWcgIXLw=="
    },
    "turf-point": {
      "version": "2.0.1",
      "resolved": "https://registry.npmjs.org/turf-point/-/turf-point-2.0.1.tgz",
      "integrity": "sha1-otzDCi0g9Ez1xicd97riwOIUYGk=",
      "requires": {
        "minimist": "1.2.5"
      }
    }
  }
}
