{
  "name": "geojson-to-graph",
  "version": "0.0.1",
  "lockfileVersion": 1,
  "requires": true,
  "dependencies": {
    "graphulous": {
      "version": "0.0.1",
      "resolved": "https://registry.npmjs.org/graphulous/-/graphulous-0.0.1.tgz",
      "integrity": "sha512-PvTXJDKA3QdsxbaCs88wm1SZibwV+V0XJ9wzhNAFoEg54A60CfzyTNMJqOFrGqWjWvWAE29c2sIPmUcrQ6tN/w=="
    },
    "minimist": {
      "version": "1.2.5",
      "resolved": "https://registry.npmjs.org/minimist/-/minimist-1.2.5.tgz",
      "integrity": "sha512-FM9nNUYrRBAELZQT3xeZQ7fmMOBg6nWNmJKTcgsJeaLstP/UODVpGsr5OhXhhXg6f+qtJ8uiZ+PUxkDWcgIXLw=="
    },
    "turf-point": {
      "version": "2.0.1",
      "resolved": "https://registry.npmjs.org/turf-point/-/turf-point-2.0.1.tgz",
      "integrity": "sha1-otzDCi0g9Ez1xicd97riwOIUYGk=",
      "requires": {
        "minimist": "1.2.5"
      }
    }
  }
}
